// !$*UTF8*$!
{
	archiveVersion = 1;
	classes = {
	};
	objectVersion = 56;
	objects = {

/* Begin PBXBuildFile section */
		459290DB29DB94B600D308DC /* AppDelegate.swift in Sources */ = {isa = PBXBuildFile; fileRef = 459290DA29DB94B600D308DC /* AppDelegate.swift */; };
		459290DD29DB94B600D308DC /* SceneDelegate.swift in Sources */ = {isa = PBXBuildFile; fileRef = 459290DC29DB94B600D308DC /* SceneDelegate.swift */; };
		459290E429DB94B700D308DC /* Assets.xcassets in Resources */ = {isa = PBXBuildFile; fileRef = 459290E329DB94B700D308DC /* Assets.xcassets */; };
		459290E729DB94B700D308DC /* LaunchScreen.storyboard in Resources */ = {isa = PBXBuildFile; fileRef = 459290E529DB94B700D308DC /* LaunchScreen.storyboard */; };
		459290F229DB94B700D308DC /* TabBarCoornatorExampleTests.swift in Sources */ = {isa = PBXBuildFile; fileRef = 459290F129DB94B700D308DC /* TabBarCoornatorExampleTests.swift */; };
		459290FC29DB94B700D308DC /* TabBarCoornatorExampleUITests.swift in Sources */ = {isa = PBXBuildFile; fileRef = 459290FB29DB94B700D308DC /* TabBarCoornatorExampleUITests.swift */; };
		459290FE29DB94B700D308DC /* TabBarCoornatorExampleUITestsLaunchTests.swift in Sources */ = {isa = PBXBuildFile; fileRef = 459290FD29DB94B700D308DC /* TabBarCoornatorExampleUITestsLaunchTests.swift */; };
		4592911229DB958600D308DC /* Coordinator.swift in Sources */ = {isa = PBXBuildFile; fileRef = 4592911129DB958600D308DC /* Coordinator.swift */; };
		4592911429DB95B400D308DC /* AppCoordinator.swift in Sources */ = {isa = PBXBuildFile; fileRef = 4592911329DB95B400D308DC /* AppCoordinator.swift */; };
		4592911829DB963500D308DC /* AppFactory.swift in Sources */ = {isa = PBXBuildFile; fileRef = 4592911729DB963500D308DC /* AppFactory.swift */; };
		4592911A29DB965700D308DC /* Auth.swift in Sources */ = {isa = PBXBuildFile; fileRef = 4592911929DB965700D308DC /* Auth.swift */; };
		4592911D29DB972900D308DC /* AppDIContainer.swift in Sources */ = {isa = PBXBuildFile; fileRef = 4592911C29DB972900D308DC /* AppDIContainer.swift */; };
		4592912129DB9BB700D308DC /* LogInFactory.swift in Sources */ = {isa = PBXBuildFile; fileRef = 4592912029DB9BB700D308DC /* LogInFactory.swift */; };
		4592912429DB9C2100D308DC /* LogInViewController.swift in Sources */ = {isa = PBXBuildFile; fileRef = 4592912329DB9C2100D308DC /* LogInViewController.swift */; };
		4592912629DB9C6200D308DC /* LogInCoordinator.swift in Sources */ = {isa = PBXBuildFile; fileRef = 4592912529DB9C6200D308DC /* LogInCoordinator.swift */; };
		4592912929DB9D4200D308DC /* LogInViewModel.swift in Sources */ = {isa = PBXBuildFile; fileRef = 4592912829DB9D4200D308DC /* LogInViewModel.swift */; };
/* End PBXBuildFile section */

/* Begin PBXContainerItemProxy section */
		459290EE29DB94B700D308DC /* PBXContainerItemProxy */ = {
			isa = PBXContainerItemProxy;
			containerPortal = 459290CF29DB94B600D308DC /* Project object */;
			proxyType = 1;
			remoteGlobalIDString = 459290D629DB94B600D308DC;
			remoteInfo = TabBarCoornatorExample;
		};
		459290F829DB94B700D308DC /* PBXContainerItemProxy */ = {
			isa = PBXContainerItemProxy;
			containerPortal = 459290CF29DB94B600D308DC /* Project object */;
			proxyType = 1;
			remoteGlobalIDString = 459290D629DB94B600D308DC;
			remoteInfo = TabBarCoornatorExample;
		};
/* End PBXContainerItemProxy section */

/* Begin PBXFileReference section */
		459290D729DB94B600D308DC /* TabBarCoornatorExample.app */ = {isa = PBXFileReference; explicitFileType = wrapper.application; includeInIndex = 0; path = TabBarCoornatorExample.app; sourceTree = BUILT_PRODUCTS_DIR; };
		459290DA29DB94B600D308DC /* AppDelegate.swift */ = {isa = PBXFileReference; lastKnownFileType = sourcecode.swift; path = AppDelegate.swift; sourceTree = "<group>"; };
		459290DC29DB94B600D308DC /* SceneDelegate.swift */ = {isa = PBXFileReference; lastKnownFileType = sourcecode.swift; path = SceneDelegate.swift; sourceTree = "<group>"; };
		459290E329DB94B700D308DC /* Assets.xcassets */ = {isa = PBXFileReference; lastKnownFileType = folder.assetcatalog; path = Assets.xcassets; sourceTree = "<group>"; };
		459290E629DB94B700D308DC /* Base */ = {isa = PBXFileReference; lastKnownFileType = file.storyboard; name = Base; path = Base.lproj/LaunchScreen.storyboard; sourceTree = "<group>"; };
		459290E829DB94B700D308DC /* Info.plist */ = {isa = PBXFileReference; lastKnownFileType = text.plist.xml; path = Info.plist; sourceTree = "<group>"; };
		459290ED29DB94B700D308DC /* TabBarCoornatorExampleTests.xctest */ = {isa = PBXFileReference; explicitFileType = wrapper.cfbundle; includeInIndex = 0; path = TabBarCoornatorExampleTests.xctest; sourceTree = BUILT_PRODUCTS_DIR; };
		459290F129DB94B700D308DC /* TabBarCoornatorExampleTests.swift */ = {isa = PBXFileReference; lastKnownFileType = sourcecode.swift; path = TabBarCoornatorExampleTests.swift; sourceTree = "<group>"; };
		459290F729DB94B700D308DC /* TabBarCoornatorExampleUITests.xctest */ = {isa = PBXFileReference; explicitFileType = wrapper.cfbundle; includeInIndex = 0; path = TabBarCoornatorExampleUITests.xctest; sourceTree = BUILT_PRODUCTS_DIR; };
		459290FB29DB94B700D308DC /* TabBarCoornatorExampleUITests.swift */ = {isa = PBXFileReference; lastKnownFileType = sourcecode.swift; path = TabBarCoornatorExampleUITests.swift; sourceTree = "<group>"; };
		459290FD29DB94B700D308DC /* TabBarCoornatorExampleUITestsLaunchTests.swift */ = {isa = PBXFileReference; lastKnownFileType = sourcecode.swift; path = TabBarCoornatorExampleUITestsLaunchTests.swift; sourceTree = "<group>"; };
		4592911129DB958600D308DC /* Coordinator.swift */ = {isa = PBXFileReference; lastKnownFileType = sourcecode.swift; path = Coordinator.swift; sourceTree = "<group>"; };
		4592911329DB95B400D308DC /* AppCoordinator.swift */ = {isa = PBXFileReference; lastKnownFileType = sourcecode.swift; path = AppCoordinator.swift; sourceTree = "<group>"; };
		4592911729DB963500D308DC /* AppFactory.swift */ = {isa = PBXFileReference; lastKnownFileType = sourcecode.swift; path = AppFactory.swift; sourceTree = "<group>"; };
		4592911929DB965700D308DC /* Auth.swift */ = {isa = PBXFileReference; lastKnownFileType = sourcecode.swift; path = Auth.swift; sourceTree = "<group>"; };
		4592911C29DB972900D308DC /* AppDIContainer.swift */ = {isa = PBXFileReference; lastKnownFileType = sourcecode.swift; path = AppDIContainer.swift; sourceTree = "<group>"; };
		4592912029DB9BB700D308DC /* LogInFactory.swift */ = {isa = PBXFileReference; lastKnownFileType = sourcecode.swift; path = LogInFactory.swift; sourceTree = "<group>"; };
		4592912329DB9C2100D308DC /* LogInViewController.swift */ = {isa = PBXFileReference; lastKnownFileType = sourcecode.swift; path = LogInViewController.swift; sourceTree = "<group>"; };
		4592912529DB9C6200D308DC /* LogInCoordinator.swift */ = {isa = PBXFileReference; lastKnownFileType = sourcecode.swift; path = LogInCoordinator.swift; sourceTree = "<group>"; };
		4592912829DB9D4200D308DC /* LogInViewModel.swift */ = {isa = PBXFileReference; lastKnownFileType = sourcecode.swift; path = LogInViewModel.swift; sourceTree = "<group>"; };
/* End PBXFileReference section */

/* Begin PBXFrameworksBuildPhase section */
		459290D429DB94B600D308DC /* Frameworks */ = {
			isa = PBXFrameworksBuildPhase;
			buildActionMask = 2147483647;
			files = (
			);
			runOnlyForDeploymentPostprocessing = 0;
		};
		459290EA29DB94B700D308DC /* Frameworks */ = {
			isa = PBXFrameworksBuildPhase;
			buildActionMask = 2147483647;
			files = (
			);
			runOnlyForDeploymentPostprocessing = 0;
		};
		459290F429DB94B700D308DC /* Frameworks */ = {
			isa = PBXFrameworksBuildPhase;
			buildActionMask = 2147483647;
			files = (
			);
			runOnlyForDeploymentPostprocessing = 0;
		};
/* End PBXFrameworksBuildPhase section */

/* Begin PBXGroup section */
		459290CE29DB94B600D308DC = {
			isa = PBXGroup;
			children = (
				459290D929DB94B600D308DC /* TabBarCoornatorExample */,
				459290F029DB94B700D308DC /* TabBarCoornatorExampleTests */,
				459290FA29DB94B700D308DC /* TabBarCoornatorExampleUITests */,
				459290D829DB94B600D308DC /* Products */,
			);
			sourceTree = "<group>";
		};
		459290D829DB94B600D308DC /* Products */ = {
			isa = PBXGroup;
			children = (
				459290D729DB94B600D308DC /* TabBarCoornatorExample.app */,
				459290ED29DB94B700D308DC /* TabBarCoornatorExampleTests.xctest */,
				459290F729DB94B700D308DC /* TabBarCoornatorExampleUITests.xctest */,
			);
			name = Products;
			sourceTree = "<group>";
		};
		459290D929DB94B600D308DC /* TabBarCoornatorExample */ = {
			isa = PBXGroup;
			children = (
				4592910C29DB952100D308DC /* Scenes */,
				4592910B29DB951800D308DC /* Composition */,
				4592910A29DB951100D308DC /* Auth */,
				459290E329DB94B700D308DC /* Assets.xcassets */,
				459290E829DB94B700D308DC /* Info.plist */,
			);
			path = TabBarCoornatorExample;
			sourceTree = "<group>";
		};
		459290F029DB94B700D308DC /* TabBarCoornatorExampleTests */ = {
			isa = PBXGroup;
			children = (
				459290F129DB94B700D308DC /* TabBarCoornatorExampleTests.swift */,
			);
			path = TabBarCoornatorExampleTests;
			sourceTree = "<group>";
		};
		459290FA29DB94B700D308DC /* TabBarCoornatorExampleUITests */ = {
			isa = PBXGroup;
			children = (
				459290FB29DB94B700D308DC /* TabBarCoornatorExampleUITests.swift */,
				459290FD29DB94B700D308DC /* TabBarCoornatorExampleUITestsLaunchTests.swift */,
			);
			path = TabBarCoornatorExampleUITests;
			sourceTree = "<group>";
		};
		4592910A29DB951100D308DC /* Auth */ = {
			isa = PBXGroup;
			children = (
				4592911929DB965700D308DC /* Auth.swift */,
			);
			path = Auth;
			sourceTree = "<group>";
		};
		4592910B29DB951800D308DC /* Composition */ = {
			isa = PBXGroup;
			children = (
				4592911529DB961F00D308DC /* Factories */,
				4592910F29DB955A00D308DC /* Coordinator */,
				4592910D29DB952700D308DC /* LifeCycle */,
			);
			path = Composition;
			sourceTree = "<group>";
		};
		4592910C29DB952100D308DC /* Scenes */ = {
			isa = PBXGroup;
			children = (
				4592911E29DB9B8B00D308DC /* LogIn */,
				4592910E29DB954400D308DC /* LaunchScreen */,
			);
			path = Scenes;
			sourceTree = "<group>";
		};
		4592910D29DB952700D308DC /* LifeCycle */ = {
			isa = PBXGroup;
			children = (
				459290DA29DB94B600D308DC /* AppDelegate.swift */,
				459290DC29DB94B600D308DC /* SceneDelegate.swift */,
			);
			path = LifeCycle;
			sourceTree = "<group>";
		};
		4592910E29DB954400D308DC /* LaunchScreen */ = {
			isa = PBXGroup;
			children = (
				459290E529DB94B700D308DC /* LaunchScreen.storyboard */,
			);
			path = LaunchScreen;
			sourceTree = "<group>";
		};
		4592910F29DB955A00D308DC /* Coordinator */ = {
			isa = PBXGroup;
			children = (
				4592911029DB956100D308DC /* AppCoordinator */,
				4592911129DB958600D308DC /* Coordinator.swift */,
			);
			path = Coordinator;
			sourceTree = "<group>";
		};
		4592911029DB956100D308DC /* AppCoordinator */ = {
			isa = PBXGroup;
			children = (
				4592911329DB95B400D308DC /* AppCoordinator.swift */,
			);
			path = AppCoordinator;
			sourceTree = "<group>";
		};
		4592911529DB961F00D308DC /* Factories */ = {
			isa = PBXGroup;
			children = (
				4592911629DB962700D308DC /* AppFactory */,
			);
			path = Factories;
			sourceTree = "<group>";
		};
		4592911629DB962700D308DC /* AppFactory */ = {
			isa = PBXGroup;
			children = (
				4592911B29DB972000D308DC /* DI */,
				4592911729DB963500D308DC /* AppFactory.swift */,
			);
			path = AppFactory;
			sourceTree = "<group>";
		};
		4592911B29DB972000D308DC /* DI */ = {
			isa = PBXGroup;
			children = (
				4592911C29DB972900D308DC /* AppDIContainer.swift */,
			);
			path = DI;
			sourceTree = "<group>";
		};
		4592911E29DB9B8B00D308DC /* LogIn */ = {
			isa = PBXGroup;
			children = (
				4592912229DB9C0700D308DC /* Presentation */,
				4592911F29DB9B9C00D308DC /* Composition */,
			);
			path = LogIn;
			sourceTree = "<group>";
		};
		4592911F29DB9B9C00D308DC /* Composition */ = {
			isa = PBXGroup;
			children = (
				4592912029DB9BB700D308DC /* LogInFactory.swift */,
				4592912529DB9C6200D308DC /* LogInCoordinator.swift */,
			);
			path = Composition;
			sourceTree = "<group>";
		};
		4592912229DB9C0700D308DC /* Presentation */ = {
			isa = PBXGroup;
			children = (
				4592912329DB9C2100D308DC /* LogInViewController.swift */,
				4592912829DB9D4200D308DC /* LogInViewModel.swift */,
			);
			path = Presentation;
			sourceTree = "<group>";
		};
/* End PBXGroup section */

/* Begin PBXNativeTarget section */
		459290D629DB94B600D308DC /* TabBarCoornatorExample */ = {
			isa = PBXNativeTarget;
			buildConfigurationList = 4592910129DB94B700D308DC /* Build configuration list for PBXNativeTarget "TabBarCoornatorExample" */;
			buildPhases = (
				459290D329DB94B600D308DC /* Sources */,
				459290D429DB94B600D308DC /* Frameworks */,
				459290D529DB94B600D308DC /* Resources */,
			);
			buildRules = (
			);
			dependencies = (
			);
			name = TabBarCoornatorExample;
			productName = TabBarCoornatorExample;
			productReference = 459290D729DB94B600D308DC /* TabBarCoornatorExample.app */;
			productType = "com.apple.product-type.application";
		};
		459290EC29DB94B700D308DC /* TabBarCoornatorExampleTests */ = {
			isa = PBXNativeTarget;
			buildConfigurationList = 4592910429DB94B700D308DC /* Build configuration list for PBXNativeTarget "TabBarCoornatorExampleTests" */;
			buildPhases = (
				459290E929DB94B700D308DC /* Sources */,
				459290EA29DB94B700D308DC /* Frameworks */,
				459290EB29DB94B700D308DC /* Resources */,
			);
			buildRules = (
			);
			dependencies = (
				459290EF29DB94B700D308DC /* PBXTargetDependency */,
			);
			name = TabBarCoornatorExampleTests;
			productName = TabBarCoornatorExampleTests;
			productReference = 459290ED29DB94B700D308DC /* TabBarCoornatorExampleTests.xctest */;
			productType = "com.apple.product-type.bundle.unit-test";
		};
		459290F629DB94B700D308DC /* TabBarCoornatorExampleUITests */ = {
			isa = PBXNativeTarget;
			buildConfigurationList = 4592910729DB94B700D308DC /* Build configuration list for PBXNativeTarget "TabBarCoornatorExampleUITests" */;
			buildPhases = (
				459290F329DB94B700D308DC /* Sources */,
				459290F429DB94B700D308DC /* Frameworks */,
				459290F529DB94B700D308DC /* Resources */,
			);
			buildRules = (
			);
			dependencies = (
				459290F929DB94B700D308DC /* PBXTargetDependency */,
			);
			name = TabBarCoornatorExampleUITests;
			productName = TabBarCoornatorExampleUITests;
			productReference = 459290F729DB94B700D308DC /* TabBarCoornatorExampleUITests.xctest */;
			productType = "com.apple.product-type.bundle.ui-testing";
		};
/* End PBXNativeTarget section */

/* Begin PBXProject section */
		459290CF29DB94B600D308DC /* Project object */ = {
			isa = PBXProject;
			attributes = {
				BuildIndependentTargetsInParallel = 1;
				LastSwiftUpdateCheck = 1420;
				LastUpgradeCheck = 1420;
				TargetAttributes = {
					459290D629DB94B600D308DC = {
						CreatedOnToolsVersion = 14.2;
					};
					459290EC29DB94B700D308DC = {
						CreatedOnToolsVersion = 14.2;
						TestTargetID = 459290D629DB94B600D308DC;
					};
					459290F629DB94B700D308DC = {
						CreatedOnToolsVersion = 14.2;
						TestTargetID = 459290D629DB94B600D308DC;
					};
				};
			};
			buildConfigurationList = 459290D229DB94B600D308DC /* Build configuration list for PBXProject "TabBarCoornatorExample" */;
			compatibilityVersion = "Xcode 14.0";
			developmentRegion = en;
			hasScannedForEncodings = 0;
			knownRegions = (
				en,
				Base,
			);
			mainGroup = 459290CE29DB94B600D308DC;
			productRefGroup = 459290D829DB94B600D308DC /* Products */;
			projectDirPath = "";
			projectRoot = "";
			targets = (
				459290D629DB94B600D308DC /* TabBarCoornatorExample */,
				459290EC29DB94B700D308DC /* TabBarCoornatorExampleTests */,
				459290F629DB94B700D308DC /* TabBarCoornatorExampleUITests */,
			);
		};
/* End PBXProject section */

/* Begin PBXResourcesBuildPhase section */
		459290D529DB94B600D308DC /* Resources */ = {
			isa = PBXResourcesBuildPhase;
			buildActionMask = 2147483647;
			files = (
				459290E729DB94B700D308DC /* LaunchScreen.storyboard in Resources */,
				459290E429DB94B700D308DC /* Assets.xcassets in Resources */,
			);
			runOnlyForDeploymentPostprocessing = 0;
		};
		459290EB29DB94B700D308DC /* Resources */ = {
			isa = PBXResourcesBuildPhase;
			buildActionMask = 2147483647;
			files = (
			);
			runOnlyForDeploymentPostprocessing = 0;
		};
		459290F529DB94B700D308DC /* Resources */ = {
			isa = PBXResourcesBuildPhase;
			buildActionMask = 2147483647;
			files = (
			);
			runOnlyForDeploymentPostprocessing = 0;
		};
/* End PBXResourcesBuildPhase section */

/* Begin PBXSourcesBuildPhase section */
		459290D329DB94B600D308DC /* Sources */ = {
			isa = PBXSourcesBuildPhase;
			buildActionMask = 2147483647;
			files = (
				4592911D29DB972900D308DC /* AppDIContainer.swift in Sources */,
				4592911429DB95B400D308DC /* AppCoordinator.swift in Sources */,
				4592912929DB9D4200D308DC /* LogInViewModel.swift in Sources */,
				4592912629DB9C6200D308DC /* LogInCoordinator.swift in Sources */,
				4592912429DB9C2100D308DC /* LogInViewController.swift in Sources */,
				459290DB29DB94B600D308DC /* AppDelegate.swift in Sources */,
				459290DD29DB94B600D308DC /* SceneDelegate.swift in Sources */,
				4592911229DB958600D308DC /* Coordinator.swift in Sources */,
				4592911829DB963500D308DC /* AppFactory.swift in Sources */,
				4592912129DB9BB700D308DC /* LogInFactory.swift in Sources */,
				4592911A29DB965700D308DC /* Auth.swift in Sources */,
			);
			runOnlyForDeploymentPostprocessing = 0;
		};
		459290E929DB94B700D308DC /* Sources */ = {
			isa = PBXSourcesBuildPhase;
			buildActionMask = 2147483647;
			files = (
				459290F229DB94B700D308DC /* TabBarCoornatorExampleTests.swift in Sources */,
			);
			runOnlyForDeploymentPostprocessing = 0;
		};
		459290F329DB94B700D308DC /* Sources */ = {
			isa = PBXSourcesBuildPhase;
			buildActionMask = 2147483647;
			files = (
				459290FC29DB94B700D308DC /* TabBarCoornatorExampleUITests.swift in Sources */,
				459290FE29DB94B700D308DC /* TabBarCoornatorExampleUITestsLaunchTests.swift in Sources */,
			);
			runOnlyForDeploymentPostprocessing = 0;
		};
/* End PBXSourcesBuildPhase section */

/* Begin PBXTargetDependency section */
		459290EF29DB94B700D308DC /* PBXTargetDependency */ = {
			isa = PBXTargetDependency;
			target = 459290D629DB94B600D308DC /* TabBarCoornatorExample */;
			targetProxy = 459290EE29DB94B700D308DC /* PBXContainerItemProxy */;
		};
		459290F929DB94B700D308DC /* PBXTargetDependency */ = {
			isa = PBXTargetDependency;
			target = 459290D629DB94B600D308DC /* TabBarCoornatorExample */;
			targetProxy = 459290F829DB94B700D308DC /* PBXContainerItemProxy */;
		};
/* End PBXTargetDependency section */

/* Begin PBXVariantGroup section */
		459290E529DB94B700D308DC /* LaunchScreen.storyboard */ = {
			isa = PBXVariantGroup;
			children = (
				459290E629DB94B700D308DC /* Base */,
			);
			name = LaunchScreen.storyboard;
			sourceTree = "<group>";
		};
/* End PBXVariantGroup section */

/* Begin XCBuildConfiguration section */
		459290FF29DB94B700D308DC /* Debug */ = {
			isa = XCBuildConfiguration;
			buildSettings = {
				ALWAYS_SEARCH_USER_PATHS = NO;
				CLANG_ANALYZER_NONNULL = YES;
				CLANG_ANALYZER_NUMBER_OBJECT_CONVERSION = YES_AGGRESSIVE;
				CLANG_CXX_LANGUAGE_STANDARD = "gnu++20";
				CLANG_ENABLE_MODULES = YES;
				CLANG_ENABLE_OBJC_ARC = YES;
				CLANG_ENABLE_OBJC_WEAK = YES;
				CLANG_WARN_BLOCK_CAPTURE_AUTORELEASING = YES;
				CLANG_WARN_BOOL_CONVERSION = YES;
				CLANG_WARN_COMMA = YES;
				CLANG_WARN_CONSTANT_CONVERSION = YES;
				CLANG_WARN_DEPRECATED_OBJC_IMPLEMENTATIONS = YES;
				CLANG_WARN_DIRECT_OBJC_ISA_USAGE = YES_ERROR;
				CLANG_WARN_DOCUMENTATION_COMMENTS = YES;
				CLANG_WARN_EMPTY_BODY = YES;
				CLANG_WARN_ENUM_CONVERSION = YES;
				CLANG_WARN_INFINITE_RECURSION = YES;
				CLANG_WARN_INT_CONVERSION = YES;
				CLANG_WARN_NON_LITERAL_NULL_CONVERSION = YES;
				CLANG_WARN_OBJC_IMPLICIT_RETAIN_SELF = YES;
				CLANG_WARN_OBJC_LITERAL_CONVERSION = YES;
				CLANG_WARN_OBJC_ROOT_CLASS = YES_ERROR;
				CLANG_WARN_QUOTED_INCLUDE_IN_FRAMEWORK_HEADER = YES;
				CLANG_WARN_RANGE_LOOP_ANALYSIS = YES;
				CLANG_WARN_STRICT_PROTOTYPES = YES;
				CLANG_WARN_SUSPICIOUS_MOVE = YES;
				CLANG_WARN_UNGUARDED_AVAILABILITY = YES_AGGRESSIVE;
				CLANG_WARN_UNREACHABLE_CODE = YES;
				CLANG_WARN__DUPLICATE_METHOD_MATCH = YES;
				COPY_PHASE_STRIP = NO;
				DEBUG_INFORMATION_FORMAT = dwarf;
				ENABLE_STRICT_OBJC_MSGSEND = YES;
				ENABLE_TESTABILITY = YES;
				GCC_C_LANGUAGE_STANDARD = gnu11;
				GCC_DYNAMIC_NO_PIC = NO;
				GCC_NO_COMMON_BLOCKS = YES;
				GCC_OPTIMIZATION_LEVEL = 0;
				GCC_PREPROCESSOR_DEFINITIONS = (
					"DEBUG=1",
					"$(inherited)",
				);
				GCC_WARN_64_TO_32_BIT_CONVERSION = YES;
				GCC_WARN_ABOUT_RETURN_TYPE = YES_ERROR;
				GCC_WARN_UNDECLARED_SELECTOR = YES;
				GCC_WARN_UNINITIALIZED_AUTOS = YES_AGGRESSIVE;
				GCC_WARN_UNUSED_FUNCTION = YES;
				GCC_WARN_UNUSED_VARIABLE = YES;
				IPHONEOS_DEPLOYMENT_TARGET = 16.2;
				MTL_ENABLE_DEBUG_INFO = INCLUDE_SOURCE;
				MTL_FAST_MATH = YES;
				ONLY_ACTIVE_ARCH = YES;
				SDKROOT = iphoneos;
				SWIFT_ACTIVE_COMPILATION_CONDITIONS = DEBUG;
				SWIFT_OPTIMIZATION_LEVEL = "-Onone";
			};
			name = Debug;
		};
		4592910029DB94B700D308DC /* Release */ = {
			isa = XCBuildConfiguration;
			buildSettings = {
				ALWAYS_SEARCH_USER_PATHS = NO;
				CLANG_ANALYZER_NONNULL = YES;
				CLANG_ANALYZER_NUMBER_OBJECT_CONVERSION = YES_AGGRESSIVE;
				CLANG_CXX_LANGUAGE_STANDARD = "gnu++20";
				CLANG_ENABLE_MODULES = YES;
				CLANG_ENABLE_OBJC_ARC = YES;
				CLANG_ENABLE_OBJC_WEAK = YES;
				CLANG_WARN_BLOCK_CAPTURE_AUTORELEASING = YES;
				CLANG_WARN_BOOL_CONVERSION = YES;
				CLANG_WARN_COMMA = YES;
				CLANG_WARN_CONSTANT_CONVERSION = YES;
				CLANG_WARN_DEPRECATED_OBJC_IMPLEMENTATIONS = YES;
				CLANG_WARN_DIRECT_OBJC_ISA_USAGE = YES_ERROR;
				CLANG_WARN_DOCUMENTATION_COMMENTS = YES;
				CLANG_WARN_EMPTY_BODY = YES;
				CLANG_WARN_ENUM_CONVERSION = YES;
				CLANG_WARN_INFINITE_RECURSION = YES;
				CLANG_WARN_INT_CONVERSION = YES;
				CLANG_WARN_NON_LITERAL_NULL_CONVERSION = YES;
				CLANG_WARN_OBJC_IMPLICIT_RETAIN_SELF = YES;
				CLANG_WARN_OBJC_LITERAL_CONVERSION = YES;
				CLANG_WARN_OBJC_ROOT_CLASS = YES_ERROR;
				CLANG_WARN_QUOTED_INCLUDE_IN_FRAMEWORK_HEADER = YES;
				CLANG_WARN_RANGE_LOOP_ANALYSIS = YES;
				CLANG_WARN_STRICT_PROTOTYPES = YES;
				CLANG_WARN_SUSPICIOUS_MOVE = YES;
				CLANG_WARN_UNGUARDED_AVAILABILITY = YES_AGGRESSIVE;
				CLANG_WARN_UNREACHABLE_CODE = YES;
				CLANG_WARN__DUPLICATE_METHOD_MATCH = YES;
				COPY_PHASE_STRIP = NO;
				DEBUG_INFORMATION_FORMAT = "dwarf-with-dsym";
				ENABLE_NS_ASSERTIONS = NO;
				ENABLE_STRICT_OBJC_MSGSEND = YES;
				GCC_C_LANGUAGE_STANDARD = gnu11;
				GCC_NO_COMMON_BLOCKS = YES;
				GCC_WARN_64_TO_32_BIT_CONVERSION = YES;
				GCC_WARN_ABOUT_RETURN_TYPE = YES_ERROR;
				GCC_WARN_UNDECLARED_SELECTOR = YES;
				GCC_WARN_UNINITIALIZED_AUTOS = YES_AGGRESSIVE;
				GCC_WARN_UNUSED_FUNCTION = YES;
				GCC_WARN_UNUSED_VARIABLE = YES;
				IPHONEOS_DEPLOYMENT_TARGET = 16.2;
				MTL_ENABLE_DEBUG_INFO = NO;
				MTL_FAST_MATH = YES;
				SDKROOT = iphoneos;
				SWIFT_COMPILATION_MODE = wholemodule;
				SWIFT_OPTIMIZATION_LEVEL = "-O";
				VALIDATE_PRODUCT = YES;
			};
			name = Release;
		};
		4592910229DB94B700D308DC /* Debug */ = {
			isa = XCBuildConfiguration;
			buildSettings = {
				ASSETCATALOG_COMPILER_APPICON_NAME = AppIcon;
				ASSETCATALOG_COMPILER_GLOBAL_ACCENT_COLOR_NAME = AccentColor;
				CODE_SIGN_STYLE = Automatic;
				CURRENT_PROJECT_VERSION = 1;
				GENERATE_INFOPLIST_FILE = YES;
				INFOPLIST_FILE = TabBarCoornatorExample/Info.plist;
				INFOPLIST_KEY_UIApplicationSupportsIndirectInputEvents = YES;
				INFOPLIST_KEY_UILaunchStoryboardName = LaunchScreen;
				INFOPLIST_KEY_UISupportedInterfaceOrientations_iPad = "UIInterfaceOrientationPortrait UIInterfaceOrientationPortraitUpsideDown UIInterfaceOrientationLandscapeLeft UIInterfaceOrientationLandscapeRight";
				INFOPLIST_KEY_UISupportedInterfaceOrientations_iPhone = "UIInterfaceOrientationPortrait UIInterfaceOrientationLandscapeLeft UIInterfaceOrientationLandscapeRight";
				LD_RUNPATH_SEARCH_PATHS = (
					"$(inherited)",
					"@executable_path/Frameworks",
				);
				MARKETING_VERSION = 1.0;
				PRODUCT_BUNDLE_IDENTIFIER = com.javier.TabBarCoornatorExample;
				PRODUCT_NAME = "$(TARGET_NAME)";
				SWIFT_EMIT_LOC_STRINGS = YES;
				SWIFT_VERSION = 5.0;
				TARGETED_DEVICE_FAMILY = "1,2";
			};
			name = Debug;
		};
		4592910329DB94B700D308DC /* Release */ = {
			isa = XCBuildConfiguration;
			buildSettings = {
				ASSETCATALOG_COMPILER_APPICON_NAME = AppIcon;
				ASSETCATALOG_COMPILER_GLOBAL_ACCENT_COLOR_NAME = AccentColor;
				CODE_SIGN_STYLE = Automatic;
				CURRENT_PROJECT_VERSION = 1;
				GENERATE_INFOPLIST_FILE = YES;
				INFOPLIST_FILE = TabBarCoornatorExample/Info.plist;
				INFOPLIST_KEY_UIApplicationSupportsIndirectInputEvents = YES;
				INFOPLIST_KEY_UILaunchStoryboardName = LaunchScreen;
				INFOPLIST_KEY_UISupportedInterfaceOrientations_iPad = "UIInterfaceOrientationPortrait UIInterfaceOrientationPortraitUpsideDown UIInterfaceOrientationLandscapeLeft UIInterfaceOrientationLandscapeRight";
				INFOPLIST_KEY_UISupportedInterfaceOrientations_iPhone = "UIInterfaceOrientationPortrait UIInterfaceOrientationLandscapeLeft UIInterfaceOrientationLandscapeRight";
				LD_RUNPATH_SEARCH_PATHS = (
					"$(inherited)",
					"@executable_path/Frameworks",
				);
				MARKETING_VERSION = 1.0;
				PRODUCT_BUNDLE_IDENTIFIER = com.javier.TabBarCoornatorExample;
				PRODUCT_NAME = "$(TARGET_NAME)";
				SWIFT_EMIT_LOC_STRINGS = YES;
				SWIFT_VERSION = 5.0;
				TARGETED_DEVICE_FAMILY = "1,2";
			};
			name = Release;
		};
		4592910529DB94B700D308DC /* Debug */ = {
			isa = XCBuildConfiguration;
			buildSettings = {
				ALWAYS_EMBED_SWIFT_STANDARD_LIBRARIES = YES;
				BUNDLE_LOADER = "$(TEST_HOST)";
				CODE_SIGN_STYLE = Automatic;
				CURRENT_PROJECT_VERSION = 1;
				GENERATE_INFOPLIST_FILE = YES;
				IPHONEOS_DEPLOYMENT_TARGET = 16.2;
				MARKETING_VERSION = 1.0;
				PRODUCT_BUNDLE_IDENTIFIER = com.javier.TabBarCoornatorExampleTests;
				PRODUCT_NAME = "$(TARGET_NAME)";
				SWIFT_EMIT_LOC_STRINGS = NO;
				SWIFT_VERSION = 5.0;
				TARGETED_DEVICE_FAMILY = "1,2";
				TEST_HOST = "$(BUILT_PRODUCTS_DIR)/TabBarCoornatorExample.app/$(BUNDLE_EXECUTABLE_FOLDER_PATH)/TabBarCoornatorExample";
			};
			name = Debug;
		};
		4592910629DB94B700D308DC /* Release */ = {
			isa = XCBuildConfiguration;
			buildSettings = {
				ALWAYS_EMBED_SWIFT_STANDARD_LIBRARIES = YES;
				BUNDLE_LOADER = "$(TEST_HOST)";
				CODE_SIGN_STYLE = Automatic;
				CURRENT_PROJECT_VERSION = 1;
				GENERATE_INFOPLIST_FILE = YES;
				IPHONEOS_DEPLOYMENT_TARGET = 16.2;
				MARKETING_VERSION = 1.0;
				PRODUCT_BUNDLE_IDENTIFIER = com.javier.TabBarCoornatorExampleTests;
				PRODUCT_NAME = "$(TARGET_NAME)";
				SWIFT_EMIT_LOC_STRINGS = NO;
				SWIFT_VERSION = 5.0;
				TARGETED_DEVICE_FAMILY = "1,2";
				TEST_HOST = "$(BUILT_PRODUCTS_DIR)/TabBarCoornatorExample.app/$(BUNDLE_EXECUTABLE_FOLDER_PATH)/TabBarCoornatorExample";
			};
			name = Release;
		};
		4592910829DB94B700D308DC /* Debug */ = {
			isa = XCBuildConfiguration;
			buildSettings = {
				ALWAYS_EMBED_SWIFT_STANDARD_LIBRARIES = YES;
				CODE_SIGN_STYLE = Automatic;
				CURRENT_PROJECT_VERSION = 1;
				GENERATE_INFOPLIST_FILE = YES;
				MARKETING_VERSION = 1.0;
				PRODUCT_BUNDLE_IDENTIFIER = com.javier.TabBarCoornatorExampleUITests;
				PRODUCT_NAME = "$(TARGET_NAME)";
				SWIFT_EMIT_LOC_STRINGS = NO;
				SWIFT_VERSION = 5.0;
				TARGETED_DEVICE_FAMILY = "1,2";
				TEST_TARGET_NAME = TabBarCoornatorExample;
			};
			name = Debug;
		};
		4592910929DB94B700D308DC /* Release */ = {
			isa = XCBuildConfiguration;
			buildSettings = {
				ALWAYS_EMBED_SWIFT_STANDARD_LIBRARIES = YES;
				CODE_SIGN_STYLE = Automatic;
				CURRENT_PROJECT_VERSION = 1;
				GENERATE_INFOPLIST_FILE = YES;
				MARKETING_VERSION = 1.0;
				PRODUCT_BUNDLE_IDENTIFIER = com.javier.TabBarCoornatorExampleUITests;
				PRODUCT_NAME = "$(TARGET_NAME)";
				SWIFT_EMIT_LOC_STRINGS = NO;
				SWIFT_VERSION = 5.0;
				TARGETED_DEVICE_FAMILY = "1,2";
				TEST_TARGET_NAME = TabBarCoornatorExample;
			};
			name = Release;
		};
/* End XCBuildConfiguration section */

/* Begin XCConfigurationList section */
		459290D229DB94B600D308DC /* Build configuration list for PBXProject "TabBarCoornatorExample" */ = {
			isa = XCConfigurationList;
			buildConfigurations = (
				459290FF29DB94B700D308DC /* Debug */,
				4592910029DB94B700D308DC /* Release */,
			);
			defaultConfigurationIsVisible = 0;
			defaultConfigurationName = Release;
		};
		4592910129DB94B700D308DC /* Build configuration list for PBXNativeTarget "TabBarCoornatorExample" */ = {
			isa = XCConfigurationList;
			buildConfigurations = (
				4592910229DB94B700D308DC /* Debug */,
				4592910329DB94B700D308DC /* Release */,
			);
			defaultConfigurationIsVisible = 0;
			defaultConfigurationName = Release;
		};
		4592910429DB94B700D308DC /* Build configuration list for PBXNativeTarget "TabBarCoornatorExampleTests" */ = {
			isa = XCConfigurationList;
			buildConfigurations = (
				4592910529DB94B700D308DC /* Debug */,
				4592910629DB94B700D308DC /* Release */,
			);
			defaultConfigurationIsVisible = 0;
			defaultConfigurationName = Release;
		};
		4592910729DB94B700D308DC /* Build configuration list for PBXNativeTarget "TabBarCoornatorExampleUITests" */ = {
			isa = XCConfigurationList;
			buildConfigurations = (
				4592910829DB94B700D308DC /* Debug */,
				4592910929DB94B700D308DC /* Release */,
			);
			defaultConfigurationIsVisible = 0;
			defaultConfigurationName = Release;
		};
/* End XCConfigurationList section */
	};
	rootObject = 459290CF29DB94B600D308DC /* Project object */;
}
